
Microsoft Visual Studio Solution File, Format Version 12.00
# Visual Studio Version 17
VisualStudioVersion = 17.2.32616.157
MinimumVisualStudioVersion = 10.0.40219.1
Project("{9A19103F-16F7-4668-BE54-9A1E7A4F7556}") = "Mw.UmbForms.Rte", "Mw.UmbForms.Rte\Mw.UmbForms.Rte.csproj", "{12A776D2-4E63-41B8-A6BF-DE2087236809}"
EndProject
Project("{2150E333-8FDC-42A3-9474-1A3956D46DE8}") = "Package", "Package", "{21718877-DE14-42F6-B3A5-7207C4ED9BAB}"
	ProjectSection(SolutionItems) = preProject
		..\.github\workflows\build.yml = ..\.github\workflows\build.yml
		package.xml = package.xml
	EndProjectSection
EndProject
Project("{9A19103F-16F7-4668-BE54-9A1E7A4F7556}") = "Mw.Umbraco.Forms.Rte", "Mw.Umbraco.Forms.Rte\Mw.Umbraco.Forms.Rte.csproj", "{CE414E01-D1EA-4777-8491-C6C977CF6945}"
EndProject
Project("{9A19103F-16F7-4668-BE54-9A1E7A4F7556}") = "Mw.Umbraco.Forms.Rte.Backoffice", "Mw.Umbraco.Forms.Rte.Backoffice\Mw.Umbraco.Forms.Rte.Backoffice.csproj", "{06602863-21C6-4F69-8274-7C5EE49A73A1}"
EndProject
Global
	GlobalSection(SolutionConfigurationPlatforms) = preSolution
		Debug|Any CPU = Debug|Any CPU
		Release|Any CPU = Release|Any CPU
	EndGlobalSection
	GlobalSection(ProjectConfigurationPlatforms) = postSolution
		{12A776D2-4E63-41B8-A6BF-DE2087236809}.Debug|Any CPU.ActiveCfg = Debug|Any CPU
		{12A776D2-4E63-41B8-A6BF-DE2087236809}.Debug|Any CPU.Build.0 = Debug|Any CPU
		{12A776D2-4E63-41B8-A6BF-DE2087236809}.Release|Any CPU.ActiveCfg = Release|Any CPU
		{12A776D2-4E63-41B8-A6BF-DE2087236809}.Release|Any CPU.Build.0 = Release|Any CPU
		{CE414E01-D1EA-4777-8491-C6C977CF6945}.Debug|Any CPU.ActiveCfg = Debug|Any CPU
		{CE414E01-D1EA-4777-8491-C6C977CF6945}.Debug|Any CPU.Build.0 = Debug|Any CPU
		{CE414E01-D1EA-4777-8491-C6C977CF6945}.Release|Any CPU.ActiveCfg = Release|Any CPU
		{CE414E01-D1EA-4777-8491-C6C977CF6945}.Release|Any CPU.Build.0 = Release|Any CPU
		{06602863-21C6-4F69-8274-7C5EE49A73A1}.Debug|Any CPU.ActiveCfg = Debug|Any CPU
		{06602863-21C6-4F69-8274-7C5EE49A73A1}.Debug|Any CPU.Build.0 = Debug|Any CPU
		{06602863-21C6-4F69-8274-7C5EE49A73A1}.Release|Any CPU.ActiveCfg = Release|Any CPU
		{06602863-21C6-4F69-8274-7C5EE49A73A1}.Release|Any CPU.Build.0 = Release|Any CPU
	EndGlobalSection
	GlobalSection(SolutionProperties) = preSolution
		HideSolutionNode = FALSE
	EndGlobalSection
	GlobalSection(ExtensibilityGlobals) = postSolution
		SolutionGuid = {F6942681-694D-43F1-8E61-F39E5FFAE042}
	EndGlobalSection
EndGlobal
